{
  "version": 4,
  "terraform_version": "1.11.2",
  "serial": 1,
  "lineage": "4251700c-bde9-03f0-692a-55610e369882",
  "outputs": {},
  "resources": [
    {
      "mode": "managed",
      "type": "aws_security_group",
      "name": "yash-sg-dynamic",
      "provider": "provider[\"registry.terraform.io/hashicorp/aws\"]",
      "instances": [
        {
          "schema_version": 1,
          "attributes": {
            "arn": "arn:aws:ec2:ap-south-1:054037120863:security-group/sg-0376b2f923fc607b6",
            "description": "Managed by Terraform",
            "egress": [],
            "id": "sg-0376b2f923fc607b6",
            "ingress": [],
            "name": "yashtnaik-test-sg",
            "name_prefix": "",
            "owner_id": "054037120863",
            "revoke_rules_on_delete": false,
            "tags": {
              "Name": "allow_http_traffoc"
            },
            "tags_all": {
              "Name": "allow_http_traffoc"
            },
            "timeouts": null,
            "vpc_id": "vpc-0be402d855d437f27"
          },
          "sensitive_attributes": [],
          "private": "eyJlMmJmYjczMC1lY2FhLTExZTYtOGY4OC0zNDM2M2JjN2M0YzAiOnsiY3JlYXRlIjo2MDAwMDAwMDAwMDAsImRlbGV0ZSI6OTAwMDAwMDAwMDAwfSwic2NoZW1hX3ZlcnNpb24iOiIxIn0="
        }
      ]
    }
  ],
  "check_results": null
}
